// !$*UTF8*$!
{
	archiveVersion = 1;
	classes = {
	};
	objectVersion = 50;
	objects = {

/* Begin PBXBuildFile section */
		110031E6255A245000A36FB3 /* SubView.m in Sources */ = {isa = PBXBuildFile; fileRef = 110031E5255A245000A36FB3 /* SubView.m */; };
		110031E9255A307700A36FB3 /* Object.m in Sources */ = {isa = PBXBuildFile; fileRef = 110031E8255A307700A36FB3 /* Object.m */; };
		1153A1CF25513A8100636633 /* SGObject.m in Sources */ = {isa = PBXBuildFile; fileRef = 1153A1CE25513A8100636633 /* SGObject.m */; };
		116169B52553F58A005DC3D8 /* AppAndEnvironmentController.m in Sources */ = {isa = PBXBuildFile; fileRef = 116169B42553F58A005DC3D8 /* AppAndEnvironmentController.m */; };
		116169B82553F5B8005DC3D8 /* DocumentsDataPasteboard.m in Sources */ = {isa = PBXBuildFile; fileRef = 116169B72553F5B8005DC3D8 /* DocumentsDataPasteboard.m */; };
		116169BB2553F5D3005DC3D8 /* ResourceManagement.m in Sources */ = {isa = PBXBuildFile; fileRef = 116169BA2553F5D3005DC3D8 /* ResourceManagement.m */; };
		116169BE2553F5EA005DC3D8 /* AppExtensions.m in Sources */ = {isa = PBXBuildFile; fileRef = 116169BD2553F5EA005DC3D8 /* AppExtensions.m */; };
		116169C12553F603005DC3D8 /* InterprocessCommunication.m in Sources */ = {isa = PBXBuildFile; fileRef = 116169C02553F603005DC3D8 /* InterprocessCommunication.m */; };
		116169C42553F622005DC3D8 /* ViewsAndControls.m in Sources */ = {isa = PBXBuildFile; fileRef = 116169C32553F622005DC3D8 /* ViewsAndControls.m */; };
		116169C72553F635005DC3D8 /* ViewControllers.m in Sources */ = {isa = PBXBuildFile; fileRef = 116169C62553F635005DC3D8 /* ViewControllers.m */; };
		116169CA2553F641005DC3D8 /* ViewLayout.m in Sources */ = {isa = PBXBuildFile; fileRef = 116169C92553F641005DC3D8 /* ViewLayout.m */; };
		116169CD2553F65C005DC3D8 /* AppearanceCustomization.m in Sources */ = {isa = PBXBuildFile; fileRef = 116169CC2553F65C005DC3D8 /* AppearanceCustomization.m */; };
		116169D02553F66F005DC3D8 /* AnimationAndHaptics.m in Sources */ = {isa = PBXBuildFile; fileRef = 116169CF2553F66F005DC3D8 /* AnimationAndHaptics.m */; };
		116169D32553F683005DC3D8 /* WindowsAndScreens.m in Sources */ = {isa = PBXBuildFile; fileRef = 116169D22553F683005DC3D8 /* WindowsAndScreens.m */; };
		116169D62553F69F005DC3D8 /* TouchesPressesGestures.m in Sources */ = {isa = PBXBuildFile; fileRef = 116169D52553F69F005DC3D8 /* TouchesPressesGestures.m */; };
		116169D92553F6B4005DC3D8 /* DragAndDrop.m in Sources */ = {isa = PBXBuildFile; fileRef = 116169D82553F6B4005DC3D8 /* DragAndDrop.m */; };
		116169DC2553F6C7005DC3D8 /* PointerInteractions.m in Sources */ = {isa = PBXBuildFile; fileRef = 116169DB2553F6C7005DC3D8 /* PointerInteractions.m */; };
		116169DF2553F6D8005DC3D8 /* PencilInteractions.m in Sources */ = {isa = PBXBuildFile; fileRef = 116169DE2553F6D8005DC3D8 /* PencilInteractions.m */; };
		116169E22553F6F6005DC3D8 /* Focus-based Navigation.m in Sources */ = {isa = PBXBuildFile; fileRef = 116169E12553F6F6005DC3D8 /* Focus-based Navigation.m */; };
		116169E52553F714005DC3D8 /* Menus_Shortcuts.m in Sources */ = {isa = PBXBuildFile; fileRef = 116169E42553F714005DC3D8 /* Menus_Shortcuts.m */; };
		116169E82553F72B005DC3D8 /* Images_PDF.m in Sources */ = {isa = PBXBuildFile; fileRef = 116169E72553F72B005DC3D8 /* Images_PDF.m */; };
		116169EB2553F737005DC3D8 /* Drawing.m in Sources */ = {isa = PBXBuildFile; fileRef = 116169EA2553F737005DC3D8 /* Drawing.m */; };
		116169EE2553F743005DC3D8 /* Printing.m in Sources */ = {isa = PBXBuildFile; fileRef = 116169ED2553F743005DC3D8 /* Printing.m */; };
		116169F12553F75F005DC3D8 /* TextDisplay_Fonts.m in Sources */ = {isa = PBXBuildFile; fileRef = 116169F02553F75F005DC3D8 /* TextDisplay_Fonts.m */; };
		116169F42553F770005DC3D8 /* TextStorage.m in Sources */ = {isa = PBXBuildFile; fileRef = 116169F32553F770005DC3D8 /* TextStorage.m */; };
		116169F72553F787005DC3D8 /* Keyboards_Input.m in Sources */ = {isa = PBXBuildFile; fileRef = 116169F62553F787005DC3D8 /* Keyboards_Input.m */; };
		116169FA2553F7AD005DC3D8 /* HandwritingRecognition.m in Sources */ = {isa = PBXBuildFile; fileRef = 116169F92553F7AD005DC3D8 /* HandwritingRecognition.m */; };
		1191AAF12552D4D70087F255 /* Accelerate.framework in Frameworks */ = {isa = PBXBuildFile; fileRef = 1191AAF02552D4D70087F255 /* Accelerate.framework */; };
		1191AAF32552D4E10087F255 /* AdSupport.framework in Frameworks */ = {isa = PBXBuildFile; fileRef = 1191AAF22552D4E10087F255 /* AdSupport.framework */; };
		1191AAF52552DB370087F255 /* UIKit.png in Resources */ = {isa = PBXBuildFile; fileRef = 1191AAF42552DB370087F255 /* UIKit.png */; };
		11A4EBA9246646BC004B1009 /* AppDelegate.m in Sources */ = {isa = PBXBuildFile; fileRef = 11A4EBA8246646BC004B1009 /* AppDelegate.m */; };
		11A4EBB2246646BC004B1009 /* Main.storyboard in Resources */ = {isa = PBXBuildFile; fileRef = 11A4EBB0246646BC004B1009 /* Main.storyboard */; };
		11A4EBB5246646BC004B1009 /* UIKit_Practice.xcdatamodeld in Sources */ = {isa = PBXBuildFile; fileRef = 11A4EBB3246646BC004B1009 /* UIKit_Practice.xcdatamodeld */; };
		11A4EBB7246646BF004B1009 /* Assets.xcassets in Resources */ = {isa = PBXBuildFile; fileRef = 11A4EBB6246646BF004B1009 /* Assets.xcassets */; };
		11A4EBBA246646BF004B1009 /* LaunchScreen.storyboard in Resources */ = {isa = PBXBuildFile; fileRef = 11A4EBB8246646BF004B1009 /* LaunchScreen.storyboard */; };
		11A4EBBD246646BF004B1009 /* main.m in Sources */ = {isa = PBXBuildFile; fileRef = 11A4EBBC246646BF004B1009 /* main.m */; };
		11A4EBC7246646BF004B1009 /* UIKit_PracticeTests.m in Sources */ = {isa = PBXBuildFile; fileRef = 11A4EBC6246646BF004B1009 /* UIKit_PracticeTests.m */; };
		11A4EBD2246646BF004B1009 /* UIKit_PracticeUITests.m in Sources */ = {isa = PBXBuildFile; fileRef = 11A4EBD1246646BF004B1009 /* UIKit_PracticeUITests.m */; };
		11A8C4F624B420FF007CE288 /* TabBarViewController.m in Sources */ = {isa = PBXBuildFile; fileRef = 11A8C4F524B420FF007CE288 /* TabBarViewController.m */; };
		11EAE0F625314AD300806F15 /* CustomizerNavigationController.m in Sources */ = {isa = PBXBuildFile; fileRef = 11EAE0F525314AD300806F15 /* CustomizerNavigationController.m */; };
/* End PBXBuildFile section */

/* Begin PBXContainerItemProxy section */
		11A4EBC3246646BF004B1009 /* PBXContainerItemProxy */ = {
			isa = PBXContainerItemProxy;
			containerPortal = 11A4EB9C246646BC004B1009 /* Project object */;
			proxyType = 1;
			remoteGlobalIDString = 11A4EBA3246646BC004B1009;
			remoteInfo = UIKit_Practice;
		};
		11A4EBCE246646BF004B1009 /* PBXContainerItemProxy */ = {
			isa = PBXContainerItemProxy;
			containerPortal = 11A4EB9C246646BC004B1009 /* Project object */;
			proxyType = 1;
			remoteGlobalIDString = 11A4EBA3246646BC004B1009;
			remoteInfo = UIKit_Practice;
		};
/* End PBXContainerItemProxy section */

/* Begin PBXFileReference section */
		110031E4255A245000A36FB3 /* SubView.h */ = {isa = PBXFileReference; lastKnownFileType = sourcecode.c.h; path = SubView.h; sourceTree = "<group>"; };
		110031E5255A245000A36FB3 /* SubView.m */ = {isa = PBXFileReference; lastKnownFileType = sourcecode.c.objc; path = SubView.m; sourceTree = "<group>"; };
		110031E7255A307700A36FB3 /* Object.h */ = {isa = PBXFileReference; lastKnownFileType = sourcecode.c.h; path = Object.h; sourceTree = "<group>"; };
		110031E8255A307700A36FB3 /* Object.m */ = {isa = PBXFileReference; lastKnownFileType = sourcecode.c.objc; path = Object.m; sourceTree = "<group>"; };
		1153A1CD25513A8100636633 /* SGObject.h */ = {isa = PBXFileReference; lastKnownFileType = sourcecode.c.h; path = SGObject.h; sourceTree = "<group>"; };
		1153A1CE25513A8100636633 /* SGObject.m */ = {isa = PBXFileReference; lastKnownFileType = sourcecode.c.objc; path = SGObject.m; sourceTree = "<group>"; };
		116169B32553F58A005DC3D8 /* AppAndEnvironmentController.h */ = {isa = PBXFileReference; lastKnownFileType = sourcecode.c.h; path = AppAndEnvironmentController.h; sourceTree = "<group>"; };
		116169B42553F58A005DC3D8 /* AppAndEnvironmentController.m */ = {isa = PBXFileReference; lastKnownFileType = sourcecode.c.objc; path = AppAndEnvironmentController.m; sourceTree = "<group>"; };
		116169B62553F5B8005DC3D8 /* DocumentsDataPasteboard.h */ = {isa = PBXFileReference; lastKnownFileType = sourcecode.c.h; path = DocumentsDataPasteboard.h; sourceTree = "<group>"; };
		116169B72553F5B8005DC3D8 /* DocumentsDataPasteboard.m */ = {isa = PBXFileReference; lastKnownFileType = sourcecode.c.objc; path = DocumentsDataPasteboard.m; sourceTree = "<group>"; };
		116169B92553F5D3005DC3D8 /* ResourceManagement.h */ = {isa = PBXFileReference; lastKnownFileType = sourcecode.c.h; path = ResourceManagement.h; sourceTree = "<group>"; };
		116169BA2553F5D3005DC3D8 /* ResourceManagement.m */ = {isa = PBXFileReference; lastKnownFileType = sourcecode.c.objc; path = ResourceManagement.m; sourceTree = "<group>"; };
		116169BC2553F5EA005DC3D8 /* AppExtensions.h */ = {isa = PBXFileReference; lastKnownFileType = sourcecode.c.h; path = AppExtensions.h; sourceTree = "<group>"; };
		116169BD2553F5EA005DC3D8 /* AppExtensions.m */ = {isa = PBXFileReference; lastKnownFileType = sourcecode.c.objc; path = AppExtensions.m; sourceTree = "<group>"; };
		116169BF2553F603005DC3D8 /* InterprocessCommunication.h */ = {isa = PBXFileReference; lastKnownFileType = sourcecode.c.h; path = InterprocessCommunication.h; sourceTree = "<group>"; };
		116169C02553F603005DC3D8 /* InterprocessCommunication.m */ = {isa = PBXFileReference; lastKnownFileType = sourcecode.c.objc; path = InterprocessCommunication.m; sourceTree = "<group>"; };
		116169C22553F622005DC3D8 /* ViewsAndControls.h */ = {isa = PBXFileReference; lastKnownFileType = sourcecode.c.h; path = ViewsAndControls.h; sourceTree = "<group>"; };
		116169C32553F622005DC3D8 /* ViewsAndControls.m */ = {isa = PBXFileReference; lastKnownFileType = sourcecode.c.objc; path = ViewsAndControls.m; sourceTree = "<group>"; };
		116169C52553F635005DC3D8 /* ViewControllers.h */ = {isa = PBXFileReference; lastKnownFileType = sourcecode.c.h; path = ViewControllers.h; sourceTree = "<group>"; };
		116169C62553F635005DC3D8 /* ViewControllers.m */ = {isa = PBXFileReference; lastKnownFileType = sourcecode.c.objc; path = ViewControllers.m; sourceTree = "<group>"; };
		116169C82553F641005DC3D8 /* ViewLayout.h */ = {isa = PBXFileReference; lastKnownFileType = sourcecode.c.h; path = ViewLayout.h; sourceTree = "<group>"; };
		116169C92553F641005DC3D8 /* ViewLayout.m */ = {isa = PBXFileReference; lastKnownFileType = sourcecode.c.objc; path = ViewLayout.m; sourceTree = "<group>"; };
		116169CB2553F65C005DC3D8 /* AppearanceCustomization.h */ = {isa = PBXFileReference; lastKnownFileType = sourcecode.c.h; path = AppearanceCustomization.h; sourceTree = "<group>"; };
		116169CC2553F65C005DC3D8 /* AppearanceCustomization.m */ = {isa = PBXFileReference; lastKnownFileType = sourcecode.c.objc; path = AppearanceCustomization.m; sourceTree = "<group>"; };
		116169CE2553F66F005DC3D8 /* AnimationAndHaptics.h */ = {isa = PBXFileReference; lastKnownFileType = sourcecode.c.h; path = AnimationAndHaptics.h; sourceTree = "<group>"; };
		116169CF2553F66F005DC3D8 /* AnimationAndHaptics.m */ = {isa = PBXFileReference; lastKnownFileType = sourcecode.c.objc; path = AnimationAndHaptics.m; sourceTree = "<group>"; };
		116169D12553F683005DC3D8 /* WindowsAndScreens.h */ = {isa = PBXFileReference; lastKnownFileType = sourcecode.c.h; path = WindowsAndScreens.h; sourceTree = "<group>"; };
		116169D22553F683005DC3D8 /* WindowsAndScreens.m */ = {isa = PBXFileReference; lastKnownFileType = sourcecode.c.objc; path = WindowsAndScreens.m; sourceTree = "<group>"; };
		116169D42553F69F005DC3D8 /* TouchesPressesGestures.h */ = {isa = PBXFileReference; lastKnownFileType = sourcecode.c.h; path = TouchesPressesGestures.h; sourceTree = "<group>"; };
		116169D52553F69F005DC3D8 /* TouchesPressesGestures.m */ = {isa = PBXFileReference; lastKnownFileType = sourcecode.c.objc; path = TouchesPressesGestures.m; sourceTree = "<group>"; };
		116169D72553F6B4005DC3D8 /* DragAndDrop.h */ = {isa = PBXFileReference; lastKnownFileType = sourcecode.c.h; path = DragAndDrop.h; sourceTree = "<group>"; };
		116169D82553F6B4005DC3D8 /* DragAndDrop.m */ = {isa = PBXFileReference; lastKnownFileType = sourcecode.c.objc; path = DragAndDrop.m; sourceTree = "<group>"; };
		116169DA2553F6C7005DC3D8 /* PointerInteractions.h */ = {isa = PBXFileReference; lastKnownFileType = sourcecode.c.h; path = PointerInteractions.h; sourceTree = "<group>"; };
		116169DB2553F6C7005DC3D8 /* PointerInteractions.m */ = {isa = PBXFileReference; lastKnownFileType = sourcecode.c.objc; path = PointerInteractions.m; sourceTree = "<group>"; };
		116169DD2553F6D8005DC3D8 /* PencilInteractions.h */ = {isa = PBXFileReference; lastKnownFileType = sourcecode.c.h; path = PencilInteractions.h; sourceTree = "<group>"; };
		116169DE2553F6D8005DC3D8 /* PencilInteractions.m */ = {isa = PBXFileReference; lastKnownFileType = sourcecode.c.objc; path = PencilInteractions.m; sourceTree = "<group>"; };
		116169E02553F6F6005DC3D8 /* Focus-based Navigation.h */ = {isa = PBXFileReference; lastKnownFileType = sourcecode.c.h; path = "Focus-based Navigation.h"; sourceTree = "<group>"; };
		116169E12553F6F6005DC3D8 /* Focus-based Navigation.m */ = {isa = PBXFileReference; lastKnownFileType = sourcecode.c.objc; path = "Focus-based Navigation.m"; sourceTree = "<group>"; };
		116169E32553F714005DC3D8 /* Menus_Shortcuts.h */ = {isa = PBXFileReference; lastKnownFileType = sourcecode.c.h; path = Menus_Shortcuts.h; sourceTree = "<group>"; };
		116169E42553F714005DC3D8 /* Menus_Shortcuts.m */ = {isa = PBXFileReference; lastKnownFileType = sourcecode.c.objc; path = Menus_Shortcuts.m; sourceTree = "<group>"; };
		116169E62553F72B005DC3D8 /* Images_PDF.h */ = {isa = PBXFileReference; lastKnownFileType = sourcecode.c.h; path = Images_PDF.h; sourceTree = "<group>"; };
		116169E72553F72B005DC3D8 /* Images_PDF.m */ = {isa = PBXFileReference; lastKnownFileType = sourcecode.c.objc; path = Images_PDF.m; sourceTree = "<group>"; };
		116169E92553F737005DC3D8 /* Drawing.h */ = {isa = PBXFileReference; lastKnownFileType = sourcecode.c.h; path = Drawing.h; sourceTree = "<group>"; };
		116169EA2553F737005DC3D8 /* Drawing.m */ = {isa = PBXFileReference; lastKnownFileType = sourcecode.c.objc; path = Drawing.m; sourceTree = "<group>"; };
		116169EC2553F743005DC3D8 /* Printing.h */ = {isa = PBXFileReference; lastKnownFileType = sourcecode.c.h; path = Printing.h; sourceTree = "<group>"; };
		116169ED2553F743005DC3D8 /* Printing.m */ = {isa = PBXFileReference; lastKnownFileType = sourcecode.c.objc; path = Printing.m; sourceTree = "<group>"; };
		116169EF2553F75F005DC3D8 /* TextDisplay_Fonts.h */ = {isa = PBXFileReference; lastKnownFileType = sourcecode.c.h; path = TextDisplay_Fonts.h; sourceTree = "<group>"; };
		116169F02553F75F005DC3D8 /* TextDisplay_Fonts.m */ = {isa = PBXFileReference; lastKnownFileType = sourcecode.c.objc; path = TextDisplay_Fonts.m; sourceTree = "<group>"; };
		116169F22553F770005DC3D8 /* TextStorage.h */ = {isa = PBXFileReference; lastKnownFileType = sourcecode.c.h; path = TextStorage.h; sourceTree = "<group>"; };
		116169F32553F770005DC3D8 /* TextStorage.m */ = {isa = PBXFileReference; lastKnownFileType = sourcecode.c.objc; path = TextStorage.m; sourceTree = "<group>"; };
		116169F52553F787005DC3D8 /* Keyboards_Input.h */ = {isa = PBXFileReference; lastKnownFileType = sourcecode.c.h; path = Keyboards_Input.h; sourceTree = "<group>"; };
		116169F62553F787005DC3D8 /* Keyboards_Input.m */ = {isa = PBXFileReference; lastKnownFileType = sourcecode.c.objc; path = Keyboards_Input.m; sourceTree = "<group>"; wrapsLines = 1; };
		116169F82553F7AD005DC3D8 /* HandwritingRecognition.h */ = {isa = PBXFileReference; lastKnownFileType = sourcecode.c.h; path = HandwritingRecognition.h; sourceTree = "<group>"; };
		116169F92553F7AD005DC3D8 /* HandwritingRecognition.m */ = {isa = PBXFileReference; lastKnownFileType = sourcecode.c.objc; path = HandwritingRecognition.m; sourceTree = "<group>"; };
		1191AAF02552D4D70087F255 /* Accelerate.framework */ = {isa = PBXFileReference; lastKnownFileType = wrapper.framework; name = Accelerate.framework; path = System/Library/Frameworks/Accelerate.framework; sourceTree = SDKROOT; };
		1191AAF22552D4E10087F255 /* AdSupport.framework */ = {isa = PBXFileReference; lastKnownFileType = wrapper.framework; name = AdSupport.framework; path = System/Library/Frameworks/AdSupport.framework; sourceTree = SDKROOT; };
		1191AAF42552DB370087F255 /* UIKit.png */ = {isa = PBXFileReference; lastKnownFileType = image.png; path = UIKit.png; sourceTree = "<group>"; };
		11A4EBA4246646BC004B1009 /* UIKit_Practice.app */ = {isa = PBXFileReference; explicitFileType = wrapper.application; includeInIndex = 0; path = UIKit_Practice.app; sourceTree = BUILT_PRODUCTS_DIR; };
		11A4EBA7246646BC004B1009 /* AppDelegate.h */ = {isa = PBXFileReference; lastKnownFileType = sourcecode.c.h; path = AppDelegate.h; sourceTree = "<group>"; };
		11A4EBA8246646BC004B1009 /* AppDelegate.m */ = {isa = PBXFileReference; lastKnownFileType = sourcecode.c.objc; path = AppDelegate.m; sourceTree = "<group>"; };
		11A4EBB1246646BC004B1009 /* Base */ = {isa = PBXFileReference; lastKnownFileType = file.storyboard; name = Base; path = Base.lproj/Main.storyboard; sourceTree = "<group>"; };
		11A4EBB4246646BC004B1009 /* UIKit_Practice.xcdatamodel */ = {isa = PBXFileReference; lastKnownFileType = wrapper.xcdatamodel; path = UIKit_Practice.xcdatamodel; sourceTree = "<group>"; };
		11A4EBB6246646BF004B1009 /* Assets.xcassets */ = {isa = PBXFileReference; lastKnownFileType = folder.assetcatalog; path = Assets.xcassets; sourceTree = "<group>"; };
		11A4EBB9246646BF004B1009 /* Base */ = {isa = PBXFileReference; lastKnownFileType = file.storyboard; name = Base; path = Base.lproj/LaunchScreen.storyboard; sourceTree = "<group>"; };
		11A4EBBB246646BF004B1009 /* Info.plist */ = {isa = PBXFileReference; lastKnownFileType = text.plist.xml; path = Info.plist; sourceTree = "<group>"; };
		11A4EBBC246646BF004B1009 /* main.m */ = {isa = PBXFileReference; lastKnownFileType = sourcecode.c.objc; path = main.m; sourceTree = "<group>"; };
		11A4EBC2246646BF004B1009 /* UIKit_PracticeTests.xctest */ = {isa = PBXFileReference; explicitFileType = wrapper.cfbundle; includeInIndex = 0; path = UIKit_PracticeTests.xctest; sourceTree = BUILT_PRODUCTS_DIR; };
		11A4EBC6246646BF004B1009 /* UIKit_PracticeTests.m */ = {isa = PBXFileReference; lastKnownFileType = sourcecode.c.objc; path = UIKit_PracticeTests.m; sourceTree = "<group>"; };
		11A4EBC8246646BF004B1009 /* Info.plist */ = {isa = PBXFileReference; lastKnownFileType = text.plist.xml; path = Info.plist; sourceTree = "<group>"; };
		11A4EBCD246646BF004B1009 /* UIKit_PracticeUITests.xctest */ = {isa = PBXFileReference; explicitFileType = wrapper.cfbundle; includeInIndex = 0; path = UIKit_PracticeUITests.xctest; sourceTree = BUILT_PRODUCTS_DIR; };
		11A4EBD1246646BF004B1009 /* UIKit_PracticeUITests.m */ = {isa = PBXFileReference; lastKnownFileType = sourcecode.c.objc; path = UIKit_PracticeUITests.m; sourceTree = "<group>"; };
		11A4EBD3246646BF004B1009 /* Info.plist */ = {isa = PBXFileReference; lastKnownFileType = text.plist.xml; path = Info.plist; sourceTree = "<group>"; };
		11A8C4F424B420FF007CE288 /* TabBarViewController.h */ = {isa = PBXFileReference; lastKnownFileType = sourcecode.c.h; path = TabBarViewController.h; sourceTree = "<group>"; };
		11A8C4F524B420FF007CE288 /* TabBarViewController.m */ = {isa = PBXFileReference; lastKnownFileType = sourcecode.c.objc; path = TabBarViewController.m; sourceTree = "<group>"; };
		11EAE0F425314AD300806F15 /* CustomizerNavigationController.h */ = {isa = PBXFileReference; lastKnownFileType = sourcecode.c.h; path = CustomizerNavigationController.h; sourceTree = "<group>"; };
		11EAE0F525314AD300806F15 /* CustomizerNavigationController.m */ = {isa = PBXFileReference; lastKnownFileType = sourcecode.c.objc; path = CustomizerNavigationController.m; sourceTree = "<group>"; };
/* End PBXFileReference section */

/* Begin PBXFrameworksBuildPhase section */
		11A4EBA1246646BC004B1009 /* Frameworks */ = {
			isa = PBXFrameworksBuildPhase;
			buildActionMask = 2147483647;
			files = (
				1191AAF12552D4D70087F255 /* Accelerate.framework in Frameworks */,
				1191AAF32552D4E10087F255 /* AdSupport.framework in Frameworks */,
			);
			runOnlyForDeploymentPostprocessing = 0;
		};
		11A4EBBF246646BF004B1009 /* Frameworks */ = {
			isa = PBXFrameworksBuildPhase;
			buildActionMask = 2147483647;
			files = (
			);
			runOnlyForDeploymentPostprocessing = 0;
		};
		11A4EBCA246646BF004B1009 /* Frameworks */ = {
			isa = PBXFrameworksBuildPhase;
			buildActionMask = 2147483647;
			files = (
			);
			runOnlyForDeploymentPostprocessing = 0;
		};
/* End PBXFrameworksBuildPhase section */

/* Begin PBXGroup section */
		116169AD2553F43E005DC3D8 /* Application */ = {
			isa = PBXGroup;
			children = (
				11A4EBA7246646BC004B1009 /* AppDelegate.h */,
				11A4EBA8246646BC004B1009 /* AppDelegate.m */,
			);
			path = Application;
			sourceTree = "<group>";
		};
		116169AE2553F471005DC3D8 /* AppStructure */ = {
			isa = PBXGroup;
			children = (
				116169B32553F58A005DC3D8 /* AppAndEnvironmentController.h */,
				116169B42553F58A005DC3D8 /* AppAndEnvironmentController.m */,
				116169B62553F5B8005DC3D8 /* DocumentsDataPasteboard.h */,
				116169B72553F5B8005DC3D8 /* DocumentsDataPasteboard.m */,
				116169B92553F5D3005DC3D8 /* ResourceManagement.h */,
				116169BA2553F5D3005DC3D8 /* ResourceManagement.m */,
				116169BC2553F5EA005DC3D8 /* AppExtensions.h */,
				116169BD2553F5EA005DC3D8 /* AppExtensions.m */,
				116169BF2553F603005DC3D8 /* InterprocessCommunication.h */,
				116169C02553F603005DC3D8 /* InterprocessCommunication.m */,
			);
			path = AppStructure;
			sourceTree = "<group>";
		};
		116169AF2553F481005DC3D8 /* UserInterface */ = {
			isa = PBXGroup;
			children = (
				116169C22553F622005DC3D8 /* ViewsAndControls.h */,
				116169C32553F622005DC3D8 /* ViewsAndControls.m */,
				116169C52553F635005DC3D8 /* ViewControllers.h */,
				116169C62553F635005DC3D8 /* ViewControllers.m */,
				116169C82553F641005DC3D8 /* ViewLayout.h */,
				116169C92553F641005DC3D8 /* ViewLayout.m */,
				116169CB2553F65C005DC3D8 /* AppearanceCustomization.h */,
				116169CC2553F65C005DC3D8 /* AppearanceCustomization.m */,
				116169CE2553F66F005DC3D8 /* AnimationAndHaptics.h */,
				116169CF2553F66F005DC3D8 /* AnimationAndHaptics.m */,
				116169D12553F683005DC3D8 /* WindowsAndScreens.h */,
				116169D22553F683005DC3D8 /* WindowsAndScreens.m */,
			);
			path = UserInterface;
			sourceTree = "<group>";
		};
		116169B02553F490005DC3D8 /* UserInteractions */ = {
			isa = PBXGroup;
			children = (
				116169D42553F69F005DC3D8 /* TouchesPressesGestures.h */,
				116169D52553F69F005DC3D8 /* TouchesPressesGestures.m */,
				116169D72553F6B4005DC3D8 /* DragAndDrop.h */,
				116169D82553F6B4005DC3D8 /* DragAndDrop.m */,
				116169DA2553F6C7005DC3D8 /* PointerInteractions.h */,
				116169DB2553F6C7005DC3D8 /* PointerInteractions.m */,
				116169DD2553F6D8005DC3D8 /* PencilInteractions.h */,
				116169DE2553F6D8005DC3D8 /* PencilInteractions.m */,
				116169E02553F6F6005DC3D8 /* Focus-based Navigation.h */,
				116169E12553F6F6005DC3D8 /* Focus-based Navigation.m */,
				116169E32553F714005DC3D8 /* Menus_Shortcuts.h */,
				116169E42553F714005DC3D8 /* Menus_Shortcuts.m */,
			);
			path = UserInteractions;
			sourceTree = "<group>";
		};
		116169B12553F4D7005DC3D8 /* GraphicsAndDrawing */ = {
			isa = PBXGroup;
			children = (
				116169E62553F72B005DC3D8 /* Images_PDF.h */,
				116169E72553F72B005DC3D8 /* Images_PDF.m */,
				116169E92553F737005DC3D8 /* Drawing.h */,
				116169EA2553F737005DC3D8 /* Drawing.m */,
				116169EC2553F743005DC3D8 /* Printing.h */,
				116169ED2553F743005DC3D8 /* Printing.m */,
			);
			path = GraphicsAndDrawing;
			sourceTree = "<group>";
		};
		116169B22553F4F6005DC3D8 /* Text */ = {
			isa = PBXGroup;
			children = (
				116169EF2553F75F005DC3D8 /* TextDisplay_Fonts.h */,
				116169F02553F75F005DC3D8 /* TextDisplay_Fonts.m */,
				116169F22553F770005DC3D8 /* TextStorage.h */,
				116169F32553F770005DC3D8 /* TextStorage.m */,
				116169F52553F787005DC3D8 /* Keyboards_Input.h */,
				116169F62553F787005DC3D8 /* Keyboards_Input.m */,
				116169F82553F7AD005DC3D8 /* HandwritingRecognition.h */,
				116169F92553F7AD005DC3D8 /* HandwritingRecognition.m */,
			);
			path = Text;
			sourceTree = "<group>";
		};
		1191AAEF2552D4D70087F255 /* Frameworks */ = {
			isa = PBXGroup;
			children = (
				1191AAF22552D4E10087F255 /* AdSupport.framework */,
				1191AAF02552D4D70087F255 /* Accelerate.framework */,
			);
			name = Frameworks;
			sourceTree = "<group>";
		};
		1191AAF62552DD280087F255 /* TabBarController */ = {
			isa = PBXGroup;
			children = (
				11A8C4F424B420FF007CE288 /* TabBarViewController.h */,
				11A8C4F524B420FF007CE288 /* TabBarViewController.m */,
			);
			path = TabBarController;
			sourceTree = "<group>";
		};
		1191AAF72552DD3D0087F255 /* NavigationController */ = {
			isa = PBXGroup;
			children = (
				11EAE0F425314AD300806F15 /* CustomizerNavigationController.h */,
				11EAE0F525314AD300806F15 /* CustomizerNavigationController.m */,
			);
			path = NavigationController;
			sourceTree = "<group>";
		};
		11A4EB9B246646BC004B1009 = {
			isa = PBXGroup;
			children = (
				11A4EBA6246646BC004B1009 /* UIKit_Practice */,
				11A4EBC5246646BF004B1009 /* UIKit_PracticeTests */,
				11A4EBD0246646BF004B1009 /* UIKit_PracticeUITests */,
				11A4EBA5246646BC004B1009 /* Products */,
				1191AAEF2552D4D70087F255 /* Frameworks */,
			);
			sourceTree = "<group>";
		};
		11A4EBA5246646BC004B1009 /* Products */ = {
			isa = PBXGroup;
			children = (
				11A4EBA4246646BC004B1009 /* UIKit_Practice.app */,
				11A4EBC2246646BF004B1009 /* UIKit_PracticeTests.xctest */,
				11A4EBCD246646BF004B1009 /* UIKit_PracticeUITests.xctest */,
			);
			name = Products;
			sourceTree = "<group>";
		};
		11A4EBA6246646BC004B1009 /* UIKit_Practice */ = {
			isa = PBXGroup;
			children = (
				116169AD2553F43E005DC3D8 /* Application */,
				1191AAF72552DD3D0087F255 /* NavigationController */,
				1191AAF62552DD280087F255 /* TabBarController */,
				116169AE2553F471005DC3D8 /* AppStructure */,
				116169AF2553F481005DC3D8 /* UserInterface */,
				116169B02553F490005DC3D8 /* UserInteractions */,
				116169B12553F4D7005DC3D8 /* GraphicsAndDrawing */,
				116169B22553F4F6005DC3D8 /* Text */,
				1153A1CD25513A8100636633 /* SGObject.h */,
				1153A1CE25513A8100636633 /* SGObject.m */,
				110031E7255A307700A36FB3 /* Object.h */,
				110031E8255A307700A36FB3 /* Object.m */,
				110031E4255A245000A36FB3 /* SubView.h */,
				110031E5255A245000A36FB3 /* SubView.m */,
				11A4EBB0246646BC004B1009 /* Main.storyboard */,
				11A4EBB6246646BF004B1009 /* Assets.xcassets */,
				11A4EBB8246646BF004B1009 /* LaunchScreen.storyboard */,
				11A4EBBB246646BF004B1009 /* Info.plist */,
				1191AAF42552DB370087F255 /* UIKit.png */,
				11A4EBBC246646BF004B1009 /* main.m */,
				11A4EBB3246646BC004B1009 /* UIKit_Practice.xcdatamodeld */,
			);
			path = UIKit_Practice;
			sourceTree = "<group>";
		};
		11A4EBC5246646BF004B1009 /* UIKit_PracticeTests */ = {
			isa = PBXGroup;
			children = (
				11A4EBC6246646BF004B1009 /* UIKit_PracticeTests.m */,
				11A4EBC8246646BF004B1009 /* Info.plist */,
			);
			path = UIKit_PracticeTests;
			sourceTree = "<group>";
		};
		11A4EBD0246646BF004B1009 /* UIKit_PracticeUITests */ = {
			isa = PBXGroup;
			children = (
				11A4EBD1246646BF004B1009 /* UIKit_PracticeUITests.m */,
				11A4EBD3246646BF004B1009 /* Info.plist */,
			);
			path = UIKit_PracticeUITests;
			sourceTree = "<group>";
		};
/* End PBXGroup section */

/* Begin PBXNativeTarget section */
		11A4EBA3246646BC004B1009 /* UIKit_Practice */ = {
			isa = PBXNativeTarget;
			buildConfigurationList = 11A4EBD6246646BF004B1009 /* Build configuration list for PBXNativeTarget "UIKit_Practice" */;
			buildPhases = (
				11A4EBA0246646BC004B1009 /* Sources */,
				11A4EBA1246646BC004B1009 /* Frameworks */,
				11A4EBA2246646BC004B1009 /* Resources */,
			);
			buildRules = (
			);
			dependencies = (
			);
			name = UIKit_Practice;
			productName = UIKit_Practice;
			productReference = 11A4EBA4246646BC004B1009 /* UIKit_Practice.app */;
			productType = "com.apple.product-type.application";
		};
		11A4EBC1246646BF004B1009 /* UIKit_PracticeTests */ = {
			isa = PBXNativeTarget;
			buildConfigurationList = 11A4EBD9246646BF004B1009 /* Build configuration list for PBXNativeTarget "UIKit_PracticeTests" */;
			buildPhases = (
				11A4EBBE246646BF004B1009 /* Sources */,
				11A4EBBF246646BF004B1009 /* Frameworks */,
				11A4EBC0246646BF004B1009 /* Resources */,
			);
			buildRules = (
			);
			dependencies = (
				11A4EBC4246646BF004B1009 /* PBXTargetDependency */,
			);
			name = UIKit_PracticeTests;
			productName = UIKit_PracticeTests;
			productReference = 11A4EBC2246646BF004B1009 /* UIKit_PracticeTests.xctest */;
			productType = "com.apple.product-type.bundle.unit-test";
		};
		11A4EBCC246646BF004B1009 /* UIKit_PracticeUITests */ = {
			isa = PBXNativeTarget;
			buildConfigurationList = 11A4EBDC246646BF004B1009 /* Build configuration list for PBXNativeTarget "UIKit_PracticeUITests" */;
			buildPhases = (
				11A4EBC9246646BF004B1009 /* Sources */,
				11A4EBCA246646BF004B1009 /* Frameworks */,
				11A4EBCB246646BF004B1009 /* Resources */,
			);
			buildRules = (
			);
			dependencies = (
				11A4EBCF246646BF004B1009 /* PBXTargetDependency */,
			);
			name = UIKit_PracticeUITests;
			productName = UIKit_PracticeUITests;
			productReference = 11A4EBCD246646BF004B1009 /* UIKit_PracticeUITests.xctest */;
			productType = "com.apple.product-type.bundle.ui-testing";
		};
/* End PBXNativeTarget section */

/* Begin PBXProject section */
		11A4EB9C246646BC004B1009 /* Project object */ = {
			isa = PBXProject;
			attributes = {
				LastUpgradeCheck = 1130;
				ORGANIZATIONNAME = "tiger fly";
				TargetAttributes = {
					11A4EBA3246646BC004B1009 = {
						CreatedOnToolsVersion = 11.3.1;
					};
					11A4EBC1246646BF004B1009 = {
						CreatedOnToolsVersion = 11.3.1;
						TestTargetID = 11A4EBA3246646BC004B1009;
					};
					11A4EBCC246646BF004B1009 = {
						CreatedOnToolsVersion = 11.3.1;
						TestTargetID = 11A4EBA3246646BC004B1009;
					};
				};
			};
			buildConfigurationList = 11A4EB9F246646BC004B1009 /* Build configuration list for PBXProject "UIKit_Practice" */;
			compatibilityVersion = "Xcode 9.3";
			developmentRegion = en;
			hasScannedForEncodings = 0;
			knownRegions = (
				en,
				Base,
			);
			mainGroup = 11A4EB9B246646BC004B1009;
			productRefGroup = 11A4EBA5246646BC004B1009 /* Products */;
			projectDirPath = "";
			projectRoot = "";
			targets = (
				11A4EBA3246646BC004B1009 /* UIKit_Practice */,
				11A4EBC1246646BF004B1009 /* UIKit_PracticeTests */,
				11A4EBCC246646BF004B1009 /* UIKit_PracticeUITests */,
			);
		};
/* End PBXProject section */

/* Begin PBXResourcesBuildPhase section */
		11A4EBA2246646BC004B1009 /* Resources */ = {
			isa = PBXResourcesBuildPhase;
			buildActionMask = 2147483647;
			files = (
				11A4EBBA246646BF004B1009 /* LaunchScreen.storyboard in Resources */,
				1191AAF52552DB370087F255 /* UIKit.png in Resources */,
				11A4EBB7246646BF004B1009 /* Assets.xcassets in Resources */,
				11A4EBB2246646BC004B1009 /* Main.storyboard in Resources */,
			);
			runOnlyForDeploymentPostprocessing = 0;
		};
		11A4EBC0246646BF004B1009 /* Resources */ = {
			isa = PBXResourcesBuildPhase;
			buildActionMask = 2147483647;
			files = (
			);
			runOnlyForDeploymentPostprocessing = 0;
		};
		11A4EBCB246646BF004B1009 /* Resources */ = {
			isa = PBXResourcesBuildPhase;
			buildActionMask = 2147483647;
			files = (
			);
			runOnlyForDeploymentPostprocessing = 0;
		};
/* End PBXResourcesBuildPhase section */

/* Begin PBXSourcesBuildPhase section */
		11A4EBA0246646BC004B1009 /* Sources */ = {
			isa = PBXSourcesBuildPhase;
			buildActionMask = 2147483647;
			files = (
				116169CD2553F65C005DC3D8 /* AppearanceCustomization.m in Sources */,
				116169D62553F69F005DC3D8 /* TouchesPressesGestures.m in Sources */,
				116169C12553F603005DC3D8 /* InterprocessCommunication.m in Sources */,
				116169FA2553F7AD005DC3D8 /* HandwritingRecognition.m in Sources */,
				116169C72553F635005DC3D8 /* ViewControllers.m in Sources */,
				11A8C4F624B420FF007CE288 /* TabBarViewController.m in Sources */,
				116169BB2553F5D3005DC3D8 /* ResourceManagement.m in Sources */,
				116169F42553F770005DC3D8 /* TextStorage.m in Sources */,
				1153A1CF25513A8100636633 /* SGObject.m in Sources */,
				11EAE0F625314AD300806F15 /* CustomizerNavigationController.m in Sources */,
				116169CA2553F641005DC3D8 /* ViewLayout.m in Sources */,
				110031E6255A245000A36FB3 /* SubView.m in Sources */,
				11A4EBBD246646BF004B1009 /* main.m in Sources */,
				116169C42553F622005DC3D8 /* ViewsAndControls.m in Sources */,
				116169EB2553F737005DC3D8 /* Drawing.m in Sources */,
				116169E22553F6F6005DC3D8 /* Focus-based Navigation.m in Sources */,
				116169E52553F714005DC3D8 /* Menus_Shortcuts.m in Sources */,
				116169EE2553F743005DC3D8 /* Printing.m in Sources */,
				116169D92553F6B4005DC3D8 /* DragAndDrop.m in Sources */,
				116169E82553F72B005DC3D8 /* Images_PDF.m in Sources */,
				116169B52553F58A005DC3D8 /* AppAndEnvironmentController.m in Sources */,
				116169F72553F787005DC3D8 /* Keyboards_Input.m in Sources */,
				116169B82553F5B8005DC3D8 /* DocumentsDataPasteboard.m in Sources */,
				116169D32553F683005DC3D8 /* WindowsAndScreens.m in Sources */,
				11A4EBA9246646BC004B1009 /* AppDelegate.m in Sources */,
				116169DC2553F6C7005DC3D8 /* PointerInteractions.m in Sources */,
				110031E9255A307700A36FB3 /* Object.m in Sources */,
				11A4EBB5246646BC004B1009 /* UIKit_Practice.xcdatamodeld in Sources */,
				116169F12553F75F005DC3D8 /* TextDisplay_Fonts.m in Sources */,
				116169DF2553F6D8005DC3D8 /* PencilInteractions.m in Sources */,
				116169BE2553F5EA005DC3D8 /* AppExtensions.m in Sources */,
				116169D02553F66F005DC3D8 /* AnimationAndHaptics.m in Sources */,
			);
			runOnlyForDeploymentPostprocessing = 0;
		};
		11A4EBBE246646BF004B1009 /* Sources */ = {
			isa = PBXSourcesBuildPhase;
			buildActionMask = 2147483647;
			files = (
				11A4EBC7246646BF004B1009 /* UIKit_PracticeTests.m in Sources */,
			);
			runOnlyForDeploymentPostprocessing = 0;
		};
		11A4EBC9246646BF004B1009 /* Sources */ = {
			isa = PBXSourcesBuildPhase;
			buildActionMask = 2147483647;
			files = (
				11A4EBD2246646BF004B1009 /* UIKit_PracticeUITests.m in Sources */,
			);
			runOnlyForDeploymentPostprocessing = 0;
		};
/* End PBXSourcesBuildPhase section */

/* Begin PBXTargetDependency section */
		11A4EBC4246646BF004B1009 /* PBXTargetDependency */ = {
			isa = PBXTargetDependency;
			target = 11A4EBA3246646BC004B1009 /* UIKit_Practice */;
			targetProxy = 11A4EBC3246646BF004B1009 /* PBXContainerItemProxy */;
		};
		11A4EBCF246646BF004B1009 /* PBXTargetDependency */ = {
			isa = PBXTargetDependency;
			target = 11A4EBA3246646BC004B1009 /* UIKit_Practice */;
			targetProxy = 11A4EBCE246646BF004B1009 /* PBXContainerItemProxy */;
		};
/* End PBXTargetDependency section */

/* Begin PBXVariantGroup section */
		11A4EBB0246646BC004B1009 /* Main.storyboard */ = {
			isa = PBXVariantGroup;
			children = (
				11A4EBB1246646BC004B1009 /* Base */,
			);
			name = Main.storyboard;
			sourceTree = "<group>";
		};
		11A4EBB8246646BF004B1009 /* LaunchScreen.storyboard */ = {
			isa = PBXVariantGroup;
			children = (
				11A4EBB9246646BF004B1009 /* Base */,
			);
			name = LaunchScreen.storyboard;
			sourceTree = "<group>";
		};
/* End PBXVariantGroup section */

/* Begin XCBuildConfiguration section */
		11A4EBD4246646BF004B1009 /* Debug */ = {
			isa = XCBuildConfiguration;
			buildSettings = {
				ALWAYS_SEARCH_USER_PATHS = NO;
				CLANG_ANALYZER_NONNULL = YES;
				CLANG_ANALYZER_NUMBER_OBJECT_CONVERSION = YES_AGGRESSIVE;
				CLANG_CXX_LANGUAGE_STANDARD = "gnu++14";
				CLANG_CXX_LIBRARY = "libc++";
				CLANG_ENABLE_MODULES = YES;
				CLANG_ENABLE_OBJC_ARC = YES;
				CLANG_ENABLE_OBJC_WEAK = YES;
				CLANG_WARN_BLOCK_CAPTURE_AUTORELEASING = YES;
				CLANG_WARN_BOOL_CONVERSION = YES;
				CLANG_WARN_COMMA = YES;
				CLANG_WARN_CONSTANT_CONVERSION = YES;
				CLANG_WARN_DEPRECATED_OBJC_IMPLEMENTATIONS = YES;
				CLANG_WARN_DIRECT_OBJC_ISA_USAGE = YES_ERROR;
				CLANG_WARN_DOCUMENTATION_COMMENTS = YES;
				CLANG_WARN_EMPTY_BODY = YES;
				CLANG_WARN_ENUM_CONVERSION = YES;
				CLANG_WARN_INFINITE_RECURSION = YES;
				CLANG_WARN_INT_CONVERSION = YES;
				CLANG_WARN_NON_LITERAL_NULL_CONVERSION = YES;
				CLANG_WARN_OBJC_IMPLICIT_RETAIN_SELF = YES;
				CLANG_WARN_OBJC_LITERAL_CONVERSION = YES;
				CLANG_WARN_OBJC_ROOT_CLASS = YES_ERROR;
				CLANG_WARN_RANGE_LOOP_ANALYSIS = YES;
				CLANG_WARN_STRICT_PROTOTYPES = YES;
				CLANG_WARN_SUSPICIOUS_MOVE = YES;
				CLANG_WARN_UNGUARDED_AVAILABILITY = YES_AGGRESSIVE;
				CLANG_WARN_UNREACHABLE_CODE = YES;
				CLANG_WARN__DUPLICATE_METHOD_MATCH = YES;
				COPY_PHASE_STRIP = NO;
				DEBUG_INFORMATION_FORMAT = dwarf;
				ENABLE_STRICT_OBJC_MSGSEND = YES;
				ENABLE_TESTABILITY = YES;
				GCC_C_LANGUAGE_STANDARD = gnu11;
				GCC_DYNAMIC_NO_PIC = NO;
				GCC_NO_COMMON_BLOCKS = YES;
				GCC_OPTIMIZATION_LEVEL = 0;
				GCC_PREPROCESSOR_DEFINITIONS = (
					"DEBUG=1",
					"$(inherited)",
				);
				GCC_WARN_64_TO_32_BIT_CONVERSION = YES;
				GCC_WARN_ABOUT_RETURN_TYPE = YES_ERROR;
				GCC_WARN_UNDECLARED_SELECTOR = YES;
				GCC_WARN_UNINITIALIZED_AUTOS = YES_AGGRESSIVE;
				GCC_WARN_UNUSED_FUNCTION = YES;
				GCC_WARN_UNUSED_VARIABLE = YES;
				IPHONEOS_DEPLOYMENT_TARGET = 13.2;
				MTL_ENABLE_DEBUG_INFO = INCLUDE_SOURCE;
				MTL_FAST_MATH = YES;
				ONLY_ACTIVE_ARCH = YES;
				SDKROOT = iphoneos;
			};
			name = Debug;
		};
		11A4EBD5246646BF004B1009 /* Release */ = {
			isa = XCBuildConfiguration;
			buildSettings = {
				ALWAYS_SEARCH_USER_PATHS = NO;
				CLANG_ANALYZER_NONNULL = YES;
				CLANG_ANALYZER_NUMBER_OBJECT_CONVERSION = YES_AGGRESSIVE;
				CLANG_CXX_LANGUAGE_STANDARD = "gnu++14";
				CLANG_CXX_LIBRARY = "libc++";
				CLANG_ENABLE_MODULES = YES;
				CLANG_ENABLE_OBJC_ARC = YES;
				CLANG_ENABLE_OBJC_WEAK = YES;
				CLANG_WARN_BLOCK_CAPTURE_AUTORELEASING = YES;
				CLANG_WARN_BOOL_CONVERSION = YES;
				CLANG_WARN_COMMA = YES;
				CLANG_WARN_CONSTANT_CONVERSION = YES;
				CLANG_WARN_DEPRECATED_OBJC_IMPLEMENTATIONS = YES;
				CLANG_WARN_DIRECT_OBJC_ISA_USAGE = YES_ERROR;
				CLANG_WARN_DOCUMENTATION_COMMENTS = YES;
				CLANG_WARN_EMPTY_BODY = YES;
				CLANG_WARN_ENUM_CONVERSION = YES;
				CLANG_WARN_INFINITE_RECURSION = YES;
				CLANG_WARN_INT_CONVERSION = YES;
				CLANG_WARN_NON_LITERAL_NULL_CONVERSION = YES;
				CLANG_WARN_OBJC_IMPLICIT_RETAIN_SELF = YES;
				CLANG_WARN_OBJC_LITERAL_CONVERSION = YES;
				CLANG_WARN_OBJC_ROOT_CLASS = YES_ERROR;
				CLANG_WARN_RANGE_LOOP_ANALYSIS = YES;
				CLANG_WARN_STRICT_PROTOTYPES = YES;
				CLANG_WARN_SUSPICIOUS_MOVE = YES;
				CLANG_WARN_UNGUARDED_AVAILABILITY = YES_AGGRESSIVE;
				CLANG_WARN_UNREACHABLE_CODE = YES;
				CLANG_WARN__DUPLICATE_METHOD_MATCH = YES;
				COPY_PHASE_STRIP = NO;
				DEBUG_INFORMATION_FORMAT = "dwarf-with-dsym";
				ENABLE_NS_ASSERTIONS = NO;
				ENABLE_STRICT_OBJC_MSGSEND = YES;
				GCC_C_LANGUAGE_STANDARD = gnu11;
				GCC_NO_COMMON_BLOCKS = YES;
				GCC_WARN_64_TO_32_BIT_CONVERSION = YES;
				GCC_WARN_ABOUT_RETURN_TYPE = YES_ERROR;
				GCC_WARN_UNDECLARED_SELECTOR = YES;
				GCC_WARN_UNINITIALIZED_AUTOS = YES_AGGRESSIVE;
				GCC_WARN_UNUSED_FUNCTION = YES;
				GCC_WARN_UNUSED_VARIABLE = YES;
				IPHONEOS_DEPLOYMENT_TARGET = 13.2;
				MTL_ENABLE_DEBUG_INFO = NO;
				MTL_FAST_MATH = YES;
				SDKROOT = iphoneos;
				VALIDATE_PRODUCT = YES;
			};
			name = Release;
		};
		11A4EBD7246646BF004B1009 /* Debug */ = {
			isa = XCBuildConfiguration;
			buildSettings = {
				ASSETCATALOG_COMPILER_APPICON_NAME = AppIcon;
				CODE_SIGN_STYLE = Automatic;
				DEVELOPMENT_TEAM = 962BW6QCNQ;
				INFOPLIST_FILE = UIKit_Practice/Info.plist;
				LD_RUNPATH_SEARCH_PATHS = (
					"$(inherited)",
					"@executable_path/Frameworks",
				);
				PRODUCT_BUNDLE_IDENTIFIER = "com.fxw.UIKit-Practice";
				PRODUCT_NAME = "$(TARGET_NAME)";
				TARGETED_DEVICE_FAMILY = 1;
			};
			name = Debug;
		};
		11A4EBD8246646BF004B1009 /* Release */ = {
			isa = XCBuildConfiguration;
			buildSettings = {
				ASSETCATALOG_COMPILER_APPICON_NAME = AppIcon;
				CODE_SIGN_STYLE = Automatic;
				DEVELOPMENT_TEAM = 962BW6QCNQ;
				INFOPLIST_FILE = UIKit_Practice/Info.plist;
				LD_RUNPATH_SEARCH_PATHS = (
					"$(inherited)",
					"@executable_path/Frameworks",
				);
				PRODUCT_BUNDLE_IDENTIFIER = "com.fxw.UIKit-Practice";
				PRODUCT_NAME = "$(TARGET_NAME)";
				TARGETED_DEVICE_FAMILY = 1;
			};
			name = Release;
		};
		11A4EBDA246646BF004B1009 /* Debug */ = {
			isa = XCBuildConfiguration;
			buildSettings = {
				BUNDLE_LOADER = "$(TEST_HOST)";
				CODE_SIGN_STYLE = Automatic;
				DEVELOPMENT_TEAM = 962BW6QCNQ;
				INFOPLIST_FILE = UIKit_PracticeTests/Info.plist;
				IPHONEOS_DEPLOYMENT_TARGET = 13.2;
				LD_RUNPATH_SEARCH_PATHS = (
					"$(inherited)",
					"@executable_path/Frameworks",
					"@loader_path/Frameworks",
				);
				PRODUCT_BUNDLE_IDENTIFIER = "com.fxw.UIKit-PracticeTests";
				PRODUCT_NAME = "$(TARGET_NAME)";
				TARGETED_DEVICE_FAMILY = "1,2";
				TEST_HOST = "$(BUILT_PRODUCTS_DIR)/UIKit_Practice.app/UIKit_Practice";
			};
			name = Debug;
		};
		11A4EBDB246646BF004B1009 /* Release */ = {
			isa = XCBuildConfiguration;
			buildSettings = {
				BUNDLE_LOADER = "$(TEST_HOST)";
				CODE_SIGN_STYLE = Automatic;
				DEVELOPMENT_TEAM = 962BW6QCNQ;
				INFOPLIST_FILE = UIKit_PracticeTests/Info.plist;
				IPHONEOS_DEPLOYMENT_TARGET = 13.2;
				LD_RUNPATH_SEARCH_PATHS = (
					"$(inherited)",
					"@executable_path/Frameworks",
					"@loader_path/Frameworks",
				);
				PRODUCT_BUNDLE_IDENTIFIER = "com.fxw.UIKit-PracticeTests";
				PRODUCT_NAME = "$(TARGET_NAME)";
				TARGETED_DEVICE_FAMILY = "1,2";
				TEST_HOST = "$(BUILT_PRODUCTS_DIR)/UIKit_Practice.app/UIKit_Practice";
			};
			name = Release;
		};
		11A4EBDD246646BF004B1009 /* Debug */ = {
			isa = XCBuildConfiguration;
			buildSettings = {
				CODE_SIGN_STYLE = Automatic;
				DEVELOPMENT_TEAM = 962BW6QCNQ;
				INFOPLIST_FILE = UIKit_PracticeUITests/Info.plist;
				LD_RUNPATH_SEARCH_PATHS = (
					"$(inherited)",
					"@executable_path/Frameworks",
					"@loader_path/Frameworks",
				);
				PRODUCT_BUNDLE_IDENTIFIER = "com.fxw.UIKit-PracticeUITests";
				PRODUCT_NAME = "$(TARGET_NAME)";
				TARGETED_DEVICE_FAMILY = "1,2";
				TEST_TARGET_NAME = UIKit_Practice;
			};
			name = Debug;
		};
		11A4EBDE246646BF004B1009 /* Release */ = {
			isa = XCBuildConfiguration;
			buildSettings = {
				CODE_SIGN_STYLE = Automatic;
				DEVELOPMENT_TEAM = 962BW6QCNQ;
				INFOPLIST_FILE = UIKit_PracticeUITests/Info.plist;
				LD_RUNPATH_SEARCH_PATHS = (
					"$(inherited)",
					"@executable_path/Frameworks",
					"@loader_path/Frameworks",
				);
				PRODUCT_BUNDLE_IDENTIFIER = "com.fxw.UIKit-PracticeUITests";
				PRODUCT_NAME = "$(TARGET_NAME)";
				TARGETED_DEVICE_FAMILY = "1,2";
				TEST_TARGET_NAME = UIKit_Practice;
			};
			name = Release;
		};
/* End XCBuildConfiguration section */

/* Begin XCConfigurationList section */
		11A4EB9F246646BC004B1009 /* Build configuration list for PBXProject "UIKit_Practice" */ = {
			isa = XCConfigurationList;
			buildConfigurations = (
				11A4EBD4246646BF004B1009 /* Debug */,
				11A4EBD5246646BF004B1009 /* Release */,
			);
			defaultConfigurationIsVisible = 0;
			defaultConfigurationName = Release;
		};
		11A4EBD6246646BF004B1009 /* Build configuration list for PBXNativeTarget "UIKit_Practice" */ = {
			isa = XCConfigurationList;
			buildConfigurations = (
				11A4EBD7246646BF004B1009 /* Debug */,
				11A4EBD8246646BF004B1009 /* Release */,
			);
			defaultConfigurationIsVisible = 0;
			defaultConfigurationName = Release;
		};
		11A4EBD9246646BF004B1009 /* Build configuration list for PBXNativeTarget "UIKit_PracticeTests" */ = {
			isa = XCConfigurationList;
			buildConfigurations = (
				11A4EBDA246646BF004B1009 /* Debug */,
				11A4EBDB246646BF004B1009 /* Release */,
			);
			defaultConfigurationIsVisible = 0;
			defaultConfigurationName = Release;
		};
		11A4EBDC246646BF004B1009 /* Build configuration list for PBXNativeTarget "UIKit_PracticeUITests" */ = {
			isa = XCConfigurationList;
			buildConfigurations = (
				11A4EBDD246646BF004B1009 /* Debug */,
				11A4EBDE246646BF004B1009 /* Release */,
			);
			defaultConfigurationIsVisible = 0;
			defaultConfigurationName = Release;
		};
/* End XCConfigurationList section */

/* Begin XCVersionGroup section */
		11A4EBB3246646BC004B1009 /* UIKit_Practice.xcdatamodeld */ = {
			isa = XCVersionGroup;
			children = (
				11A4EBB4246646BC004B1009 /* UIKit_Practice.xcdatamodel */,
			);
			currentVersion = 11A4EBB4246646BC004B1009 /* UIKit_Practice.xcdatamodel */;
			path = UIKit_Practice.xcdatamodeld;
			sourceTree = "<group>";
			versionGroupType = wrapper.xcdatamodel;
		};
/* End XCVersionGroup section */
	};
	rootObject = 11A4EB9C246646BC004B1009 /* Project object */;
}
